
Microsoft Visual Studio Solution File, Format Version 12.00
# Visual Studio Version 17
VisualStudioVersion = 17.14.36408.4 d17.14
MinimumVisualStudioVersion = 10.0.40219.1
Project("{FAE04EC0-301F-11D3-BF4B-00C04F79EFBC}") = "ConsoleApp1", "ConsoleApp1.csproj", "{FFF8CA45-14E3-4DC6-B6B3-C83CAA47EB0F}"
EndProject
Global
	GlobalSection(SolutionConfigurationPlatforms) = preSolution
		Debug|Any CPU = Debug|Any CPU
		Release|Any CPU = Release|Any CPU
	EndGlobalSection
	GlobalSection(ProjectConfigurationPlatforms) = postSolution
		{FFF8CA45-14E3-4DC6-B6B3-C83CAA47EB0F}.Debug|Any CPU.ActiveCfg = Debug|Any CPU
		{FFF8CA45-14E3-4DC6-B6B3-C83CAA47EB0F}.Debug|Any CPU.Build.0 = Debug|Any CPU
		{FFF8CA45-14E3-4DC6-B6B3-C83CAA47EB0F}.Release|Any CPU.ActiveCfg = Release|Any CPU
		{FFF8CA45-14E3-4DC6-B6B3-C83CAA47EB0F}.Release|Any CPU.Build.0 = Release|Any CPU
	EndGlobalSection
	GlobalSection(SolutionProperties) = preSolution
		HideSolutionNode = FALSE
	EndGlobalSection
	GlobalSection(ExtensibilityGlobals) = postSolution
		SolutionGuid = {E086C629-6903-45A1-BAF9-3F7F21EABD60}
	EndGlobalSection
EndGlobal
